<?xml version="1.0" encoding="utf-8"?>
<Project ToolsVersion="4.0" xmlns="http://schemas.microsoft.com/developer/msbuild/2003">
  <ItemGroup>
    <Filter Include="Header Files">
      <UniqueIdentifier>{93995380-89BD-4b04-88EB-625FBE52EBFB}</UniqueIdentifier>
      <Extensions>h;hpp;hxx;hm;inl;inc;xsd</Extensions>
    </Filter>
    <Filter Include="Resource Files">
      <UniqueIdentifier>{67DA6AB6-F800-4c08-8B7A-83BB121AAD01}</UniqueIdentifier>
      <Extensions>rc;ico;cur;bmp;dlg;rc2;rct;bin;rgs;gif;jpg;jpeg;jpe;resx</Extensions>
    </Filter>
    <Filter Include="Source Files">
      <UniqueIdentifier>{4FC737F1-C7A5-4376-A066-2A32D752A2FF}</UniqueIdentifier>
      <Extensions>cpp;c;cc;cxx;def;odl;idl;hpj;bat;asm;asmx</Extensions>
    </Filter>
  </ItemGroup>
  <ItemGroup>
    <ClInclude Include="crypt.h">
      <Filter>Header Files</Filter>
    </ClInclude>
    <ClInclude Include="ioapi.h">
      <Filter>Header Files</Filter>
    </ClInclude>
    <ClInclude Include="JlCompress.h">
      <Filter>Header Files</Filter>
    </ClInclude>
    <ClInclude Include="quaadler32.h">
      <Filter>Header Files</Filter>
    </ClInclude>
    <ClInclude Include="quachecksum32.h">
      <Filter>Header Files</Filter>
    </ClInclude>
    <ClInclude Include="quacrc32.h">
      <Filter>Header Files</Filter>
    </ClInclude>
    <ClInclude Include="quagzipfile.h">
      <Filter>Header Files</Filter>
    </ClInclude>
    <ClInclude Include="quaziodevice.h">
      <Filter>Header Files</Filter>
    </ClInclude>
    <ClInclude Include="quazip.h">
      <Filter>Header Files</Filter>
    </ClInclude>
    <ClInclude Include="quazip_global.h">
      <Filter>Header Files</Filter>
    </ClInclude>
    <ClInclude Include="quazipdir.h">
      <Filter>Header Files</Filter>
    </ClInclude>
    <ClInclude Include="quazipfile.h">
      <Filter>Header Files</Filter>
    </ClInclude>
    <ClInclude Include="quazipfileinfo.h">
      <Filter>Header Files</Filter>
    </ClInclude>
    <ClInclude Include="quazipnewinfo.h">
      <Filter>Header Files</Filter>
    </ClInclude>
    <ClInclude Include="unzip.h">
      <Filter>Header Files</Filter>
    </ClInclude>
    <ClInclude Include="zip.h">
      <Filter>Header Files</Filter>
    </ClInclude>
  </ItemGroup>
  <ItemGroup>
    <ClCompile Include="JlCompress.cpp">
      <Filter>Source Files</Filter>
    </ClCompile>
    <ClCompile Include="qioapi.cpp">
      <Filter>Source Files</Filter>
    </ClCompile>
    <ClCompile Include="quaadler32.cpp">
      <Filter>Source Files</Filter>
    </ClCompile>
    <ClCompile Include="quacrc32.cpp">
      <Filter>Source Files</Filter>
    </ClCompile>
    <ClCompile Include="quagzipfile.cpp">
      <Filter>Source Files</Filter>
    </ClCompile>
    <ClCompile Include="quaziodevice.cpp">
      <Filter>Source Files</Filter>
    </ClCompile>
    <ClCompile Include="quazip.cpp">
      <Filter>Source Files</Filter>
    </ClCompile>
    <ClCompile Include="quazipdir.cpp">
      <Filter>Source Files</Filter>
    </ClCompile>
    <ClCompile Include="quazipfile.cpp">
      <Filter>Source Files</Filter>
    </ClCompile>
    <ClCompile Include="quazipfileinfo.cpp">
      <Filter>Source Files</Filter>
    </ClCompile>
    <ClCompile Include="quazipnewinfo.cpp">
      <Filter>Source Files</Filter>
    </ClCompile>
    <ClCompile Include="unzip.c">
      <Filter>Source Files</Filter>
    </ClCompile>
    <ClCompile Include="zip.c">
      <Filter>Source Files</Filter>
    </ClCompile>
    <ClCompile Include="moc\moc_quagzipfile.cpp">
      <Filter>Source Files</Filter>
    </ClCompile>
    <ClCompile Include="moc\moc_quaziodevice.cpp">
      <Filter>Source Files</Filter>
    </ClCompile>
    <ClCompile Include="moc\moc_quazipfile.cpp">
      <Filter>Source Files</Filter>
    </ClCompile>
  </ItemGroup>
</Project>