
Microsoft Visual Studio Solution File, Format Version 10.00
# Visual C++ Express 2008
Project("{8BC9CEB8-8B4A-11D0-8D11-00A0C91BC942}") = "quazip", "quazip.vcproj", "{E4AC5F56-B711-4F0E-BC83-CDE8B6CD53AD}"
EndProject
Global
	GlobalSection(SolutionConfigurationPlatforms) = preSolution
		Debug|Win32 = Debug|Win32
		Release|Win32 = Release|Win32
	EndGlobalSection
	GlobalSection(ProjectConfigurationPlatforms) = postSolution
		{E4AC5F56-B711-4F0E-BC83-CDE8B6CD53AD}.Debug|Win32.ActiveCfg = Debug|Win32
		{E4AC5F56-B711-4F0E-BC83-CDE8B6CD53AD}.Debug|Win32.Build.0 = Debug|Win32
		{E4AC5F56-B711-4F0E-BC83-CDE8B6CD53AD}.Release|Win32.ActiveCfg = Release|Win32
		{E4AC5F56-B711-4F0E-BC83-CDE8B6CD53AD}.Release|Win32.Build.0 = Release|Win32
	EndGlobalSection
	GlobalSection(SolutionProperties) = preSolution
		HideSolutionNode = FALSE
	EndGlobalSection
EndGlobal
